
Microsoft Visual Studio Solution File, Format Version 12.00
# Visual Studio Version 17
VisualStudioVersion = 17.3.32819.101
MinimumVisualStudioVersion = 10.0.40219.1
Project("{FAE04EC0-301F-11D3-BF4B-00C04F79EFBC}") = "DemoEmployee_Web", "DemoEmployee_Web\DemoEmployee_Web.csproj", "{117433E7-F352-4B59-897E-0005570DD7CB}"
EndProject
Global
	GlobalSection(SolutionConfigurationPlatforms) = preSolution
		Debug|Any CPU = Debug|Any CPU
		Release|Any CPU = Release|Any CPU
	EndGlobalSection
	GlobalSection(ProjectConfigurationPlatforms) = postSolution
		{117433E7-F352-4B59-897E-0005570DD7CB}.Debug|Any CPU.ActiveCfg = Debug|Any CPU
		{117433E7-F352-4B59-897E-0005570DD7CB}.Debug|Any CPU.Build.0 = Debug|Any CPU
		{117433E7-F352-4B59-897E-0005570DD7CB}.Release|Any CPU.ActiveCfg = Release|Any CPU
		{117433E7-F352-4B59-897E-0005570DD7CB}.Release|Any CPU.Build.0 = Release|Any CPU
	EndGlobalSection
	GlobalSection(SolutionProperties) = preSolution
		HideSolutionNode = FALSE
	EndGlobalSection
	GlobalSection(ExtensibilityGlobals) = postSolution
		SolutionGuid = {CBC3575D-CE09-4AA6-AAE2-43D99890410C}
	EndGlobalSection
EndGlobal
